
Microsoft Visual Studio Solution File, Format Version 12.00
# Visual Studio Version 16
VisualStudioVersion = 16.0.31624.102
MinimumVisualStudioVersion = 10.0.40219.1
Project("{FAE04EC0-301F-11D3-BF4B-00C04F79EFBC}") = "test01", "test01\test01.csproj", "{331A63D6-A3F0-44CA-928B-F156BB3102DD}"
EndProject
Global
	GlobalSection(SolutionConfigurationPlatforms) = preSolution
		Debug|Any CPU = Debug|Any CPU
		Release|Any CPU = Release|Any CPU
	EndGlobalSection
	GlobalSection(ProjectConfigurationPlatforms) = postSolution
		{331A63D6-A3F0-44CA-928B-F156BB3102DD}.Debug|Any CPU.ActiveCfg = Debug|Any CPU
		{331A63D6-A3F0-44CA-928B-F156BB3102DD}.Debug|Any CPU.Build.0 = Debug|Any CPU
		{331A63D6-A3F0-44CA-928B-F156BB3102DD}.Release|Any CPU.ActiveCfg = Release|Any CPU
		{331A63D6-A3F0-44CA-928B-F156BB3102DD}.Release|Any CPU.Build.0 = Release|Any CPU
	EndGlobalSection
	GlobalSection(SolutionProperties) = preSolution
		HideSolutionNode = FALSE
	EndGlobalSection
	GlobalSection(ExtensibilityGlobals) = postSolution
		SolutionGuid = {33A88181-7D41-43EF-8D0B-ED71D78B25B7}
	EndGlobalSection
EndGlobal
