
Microsoft Visual Studio Solution File, Format Version 12.00
# Visual Studio Version 16
VisualStudioVersion = 16.0.31624.102
MinimumVisualStudioVersion = 10.0.40219.1
Project("{FAE04EC0-301F-11D3-BF4B-00C04F79EFBC}") = "test02", "test02\test02.csproj", "{C3D84B2F-64B6-494E-B084-8F650BD20339}"
EndProject
Global
	GlobalSection(SolutionConfigurationPlatforms) = preSolution
		Debug|Any CPU = Debug|Any CPU
		Release|Any CPU = Release|Any CPU
	EndGlobalSection
	GlobalSection(ProjectConfigurationPlatforms) = postSolution
		{C3D84B2F-64B6-494E-B084-8F650BD20339}.Debug|Any CPU.ActiveCfg = Debug|Any CPU
		{C3D84B2F-64B6-494E-B084-8F650BD20339}.Debug|Any CPU.Build.0 = Debug|Any CPU
		{C3D84B2F-64B6-494E-B084-8F650BD20339}.Release|Any CPU.ActiveCfg = Release|Any CPU
		{C3D84B2F-64B6-494E-B084-8F650BD20339}.Release|Any CPU.Build.0 = Release|Any CPU
	EndGlobalSection
	GlobalSection(SolutionProperties) = preSolution
		HideSolutionNode = FALSE
	EndGlobalSection
	GlobalSection(ExtensibilityGlobals) = postSolution
		SolutionGuid = {1A948D1D-DD3E-4980-9EC0-397C62AA43C8}
	EndGlobalSection
EndGlobal
