
Microsoft Visual Studio Solution File, Format Version 12.00
# Visual Studio Version 16
VisualStudioVersion = 16.0.31624.102
MinimumVisualStudioVersion = 10.0.40219.1
Project("{FAE04EC0-301F-11D3-BF4B-00C04F79EFBC}") = "test03", "test03\test03.csproj", "{B7E84970-3B9D-46C3-AE22-AF0B82DBB885}"
EndProject
Global
	GlobalSection(SolutionConfigurationPlatforms) = preSolution
		Debug|Any CPU = Debug|Any CPU
		Release|Any CPU = Release|Any CPU
	EndGlobalSection
	GlobalSection(ProjectConfigurationPlatforms) = postSolution
		{B7E84970-3B9D-46C3-AE22-AF0B82DBB885}.Debug|Any CPU.ActiveCfg = Debug|Any CPU
		{B7E84970-3B9D-46C3-AE22-AF0B82DBB885}.Debug|Any CPU.Build.0 = Debug|Any CPU
		{B7E84970-3B9D-46C3-AE22-AF0B82DBB885}.Release|Any CPU.ActiveCfg = Release|Any CPU
		{B7E84970-3B9D-46C3-AE22-AF0B82DBB885}.Release|Any CPU.Build.0 = Release|Any CPU
	EndGlobalSection
	GlobalSection(SolutionProperties) = preSolution
		HideSolutionNode = FALSE
	EndGlobalSection
	GlobalSection(ExtensibilityGlobals) = postSolution
		SolutionGuid = {598AAEA9-7F5B-4229-82F2-6B004B3D8DB4}
	EndGlobalSection
EndGlobal
