
Microsoft Visual Studio Solution File, Format Version 12.00
# Visual Studio Version 16
VisualStudioVersion = 16.0.31624.102
MinimumVisualStudioVersion = 10.0.40219.1
Project("{FAE04EC0-301F-11D3-BF4B-00C04F79EFBC}") = "test02", "test02\test02.csproj", "{1F52AAE1-E5F5-4750-A66A-FDE84929030F}"
EndProject
Global
	GlobalSection(SolutionConfigurationPlatforms) = preSolution
		Debug|Any CPU = Debug|Any CPU
		Release|Any CPU = Release|Any CPU
	EndGlobalSection
	GlobalSection(ProjectConfigurationPlatforms) = postSolution
		{1F52AAE1-E5F5-4750-A66A-FDE84929030F}.Debug|Any CPU.ActiveCfg = Debug|Any CPU
		{1F52AAE1-E5F5-4750-A66A-FDE84929030F}.Debug|Any CPU.Build.0 = Debug|Any CPU
		{1F52AAE1-E5F5-4750-A66A-FDE84929030F}.Release|Any CPU.ActiveCfg = Release|Any CPU
		{1F52AAE1-E5F5-4750-A66A-FDE84929030F}.Release|Any CPU.Build.0 = Release|Any CPU
	EndGlobalSection
	GlobalSection(SolutionProperties) = preSolution
		HideSolutionNode = FALSE
	EndGlobalSection
	GlobalSection(ExtensibilityGlobals) = postSolution
		SolutionGuid = {9EA12539-61F7-4E08-A5C8-43848D4F36BC}
	EndGlobalSection
EndGlobal
