
Microsoft Visual Studio Solution File, Format Version 12.00
# Visual Studio Version 16
VisualStudioVersion = 16.0.31624.102
MinimumVisualStudioVersion = 10.0.40219.1
Project("{FAE04EC0-301F-11D3-BF4B-00C04F79EFBC}") = "test01", "test01\test01.csproj", "{CEAB44EB-0CEB-49B6-8420-D16D4974B328}"
EndProject
Global
	GlobalSection(SolutionConfigurationPlatforms) = preSolution
		Debug|Any CPU = Debug|Any CPU
		Release|Any CPU = Release|Any CPU
	EndGlobalSection
	GlobalSection(ProjectConfigurationPlatforms) = postSolution
		{CEAB44EB-0CEB-49B6-8420-D16D4974B328}.Debug|Any CPU.ActiveCfg = Debug|Any CPU
		{CEAB44EB-0CEB-49B6-8420-D16D4974B328}.Debug|Any CPU.Build.0 = Debug|Any CPU
		{CEAB44EB-0CEB-49B6-8420-D16D4974B328}.Release|Any CPU.ActiveCfg = Release|Any CPU
		{CEAB44EB-0CEB-49B6-8420-D16D4974B328}.Release|Any CPU.Build.0 = Release|Any CPU
	EndGlobalSection
	GlobalSection(SolutionProperties) = preSolution
		HideSolutionNode = FALSE
	EndGlobalSection
	GlobalSection(ExtensibilityGlobals) = postSolution
		SolutionGuid = {EEA177EF-4A94-4B07-A914-41EB2FF92813}
	EndGlobalSection
EndGlobal
