
Microsoft Visual Studio Solution File, Format Version 12.00
# Visual Studio 2012
Project("{FAE04EC0-301F-11D3-BF4B-00C04F79EFBC}") = "test02", "test02\test02.csproj", "{9241B305-0F35-4668-99D2-FCF2C2998CCA}"
EndProject
Global
	GlobalSection(SolutionConfigurationPlatforms) = preSolution
		Debug|Any CPU = Debug|Any CPU
		Release|Any CPU = Release|Any CPU
	EndGlobalSection
	GlobalSection(ProjectConfigurationPlatforms) = postSolution
		{9241B305-0F35-4668-99D2-FCF2C2998CCA}.Debug|Any CPU.ActiveCfg = Debug|Any CPU
		{9241B305-0F35-4668-99D2-FCF2C2998CCA}.Debug|Any CPU.Build.0 = Debug|Any CPU
		{9241B305-0F35-4668-99D2-FCF2C2998CCA}.Release|Any CPU.ActiveCfg = Release|Any CPU
		{9241B305-0F35-4668-99D2-FCF2C2998CCA}.Release|Any CPU.Build.0 = Release|Any CPU
	EndGlobalSection
	GlobalSection(SolutionProperties) = preSolution
		HideSolutionNode = FALSE
	EndGlobalSection
EndGlobal
