
Microsoft Visual Studio Solution File, Format Version 12.00
# Visual Studio 2012
Project("{FAE04EC0-301F-11D3-BF4B-00C04F79EFBC}") = "test03", "test03\test03.csproj", "{CAA06E6C-404B-49EB-8370-69BA3C3ADA8D}"
EndProject
Global
	GlobalSection(SolutionConfigurationPlatforms) = preSolution
		Debug|Any CPU = Debug|Any CPU
		Release|Any CPU = Release|Any CPU
	EndGlobalSection
	GlobalSection(ProjectConfigurationPlatforms) = postSolution
		{CAA06E6C-404B-49EB-8370-69BA3C3ADA8D}.Debug|Any CPU.ActiveCfg = Debug|Any CPU
		{CAA06E6C-404B-49EB-8370-69BA3C3ADA8D}.Debug|Any CPU.Build.0 = Debug|Any CPU
		{CAA06E6C-404B-49EB-8370-69BA3C3ADA8D}.Release|Any CPU.ActiveCfg = Release|Any CPU
		{CAA06E6C-404B-49EB-8370-69BA3C3ADA8D}.Release|Any CPU.Build.0 = Release|Any CPU
	EndGlobalSection
	GlobalSection(SolutionProperties) = preSolution
		HideSolutionNode = FALSE
	EndGlobalSection
EndGlobal
